
Microsoft Visual Studio Solution File, Format Version 12.00
# Visual Studio 15
VisualStudioVersion = 15.0.28307.960
MinimumVisualStudioVersion = 10.0.40219.1
Project("{FAE04EC0-301F-11D3-BF4B-00C04F79EFBC}") = "TreeViewSinara", "TreeViewSinara\TreeViewSinara.csproj", "{334F81B5-E9EC-4AD9-AB14-3EFB08DB79C5}"
	ProjectSection(ProjectDependencies) = postProject
		{C78BC818-5C71-4BCD-99FA-BCD106B12624} = {C78BC818-5C71-4BCD-99FA-BCD106B12624}
	EndProjectSection
EndProject
Project("{FAE04EC0-301F-11D3-BF4B-00C04F79EFBC}") = "PreactorRepositoryService.DAL", "D:\PreactorPrj\ФуксОйл\Preactor\PreactorProject1\PreactorRepositoryService.DAL\PreactorRepositoryService.DAL.csproj", "{C78BC818-5C71-4BCD-99FA-BCD106B12624}"
EndProject
Global
	GlobalSection(SolutionConfigurationPlatforms) = preSolution
		Debug|Any CPU = Debug|Any CPU
		Release|Any CPU = Release|Any CPU
	EndGlobalSection
	GlobalSection(ProjectConfigurationPlatforms) = postSolution
		{334F81B5-E9EC-4AD9-AB14-3EFB08DB79C5}.Debug|Any CPU.ActiveCfg = Debug|Any CPU
		{334F81B5-E9EC-4AD9-AB14-3EFB08DB79C5}.Debug|Any CPU.Build.0 = Debug|Any CPU
		{334F81B5-E9EC-4AD9-AB14-3EFB08DB79C5}.Release|Any CPU.ActiveCfg = Release|Any CPU
		{334F81B5-E9EC-4AD9-AB14-3EFB08DB79C5}.Release|Any CPU.Build.0 = Release|Any CPU
		{C78BC818-5C71-4BCD-99FA-BCD106B12624}.Debug|Any CPU.ActiveCfg = Debug|Any CPU
		{C78BC818-5C71-4BCD-99FA-BCD106B12624}.Debug|Any CPU.Build.0 = Debug|Any CPU
		{C78BC818-5C71-4BCD-99FA-BCD106B12624}.Release|Any CPU.ActiveCfg = Release|Any CPU
		{C78BC818-5C71-4BCD-99FA-BCD106B12624}.Release|Any CPU.Build.0 = Release|Any CPU
	EndGlobalSection
	GlobalSection(SolutionProperties) = preSolution
		HideSolutionNode = FALSE
	EndGlobalSection
	GlobalSection(ExtensibilityGlobals) = postSolution
		SolutionGuid = {AAF07EB4-1620-4100-8850-A28C91BE58E0}
	EndGlobalSection
EndGlobal
